// !$*UTF8*$!
{
	archiveVersion = 1;
	classes = {
	};
	objectVersion = 46;
	objects = {

/* Begin PBXBuildFile section */
		F321DF321F0B55FD008CEDFA /* CrystDBTests.m in Sources */ = {isa = PBXBuildFile; fileRef = F321DF311F0B55FD008CEDFA /* CrystDBTests.m */; };
		F321DF341F0B55FD008CEDFA /* CrystDB.framework in Frameworks */ = {isa = PBXBuildFile; fileRef = F3D114071F06152400FF82B8 /* CrystDB.framework */; };
		F321DF3B1F0B5675008CEDFA /* AddOrUpdateTest.m in Sources */ = {isa = PBXBuildFile; fileRef = F321DF3A1F0B5675008CEDFA /* AddOrUpdateTest.m */; };
		F3D114181F06154E00FF82B8 /* CrystDB.h in Headers */ = {isa = PBXBuildFile; fileRef = F3D114131F06154E00FF82B8 /* CrystDB.h */; };
		F3D114191F06154E00FF82B8 /* CrystLite.h in Headers */ = {isa = PBXBuildFile; fileRef = F3D114141F06154E00FF82B8 /* CrystLite.h */; };
		F3D1141A1F06154E00FF82B8 /* CrystLite.m in Sources */ = {isa = PBXBuildFile; fileRef = F3D114151F06154E00FF82B8 /* CrystLite.m */; };
		F3D1141B1F06154E00FF82B8 /* NSObject+Cryst.h in Headers */ = {isa = PBXBuildFile; fileRef = F3D114161F06154E00FF82B8 /* NSObject+Cryst.h */; };
		F3D1141C1F06154E00FF82B8 /* NSObject+Cryst.m in Sources */ = {isa = PBXBuildFile; fileRef = F3D114171F06154E00FF82B8 /* NSObject+Cryst.m */; };
		F3D114231F0615E900FF82B8 /* libsqlite3.0.tbd in Frameworks */ = {isa = PBXBuildFile; fileRef = F3D114221F0615E900FF82B8 /* libsqlite3.0.tbd */; };
/* End PBXBuildFile section */

/* Begin PBXContainerItemProxy section */
		F321DF351F0B55FD008CEDFA /* PBXContainerItemProxy */ = {
			isa = PBXContainerItemProxy;
			containerPortal = F3D113FE1F06152400FF82B8 /* Project object */;
			proxyType = 1;
			remoteGlobalIDString = F3D114061F06152400FF82B8;
			remoteInfo = CrystDB;
		};
/* End PBXContainerItemProxy section */

/* Begin PBXFileReference section */
		F321DF2F1F0B55FD008CEDFA /* CrystDBTests.xctest */ = {isa = PBXFileReference; explicitFileType = wrapper.cfbundle; includeInIndex = 0; path = CrystDBTests.xctest; sourceTree = BUILT_PRODUCTS_DIR; };
		F321DF311F0B55FD008CEDFA /* CrystDBTests.m */ = {isa = PBXFileReference; lastKnownFileType = sourcecode.c.objc; path = CrystDBTests.m; sourceTree = "<group>"; };
		F321DF331F0B55FD008CEDFA /* Info.plist */ = {isa = PBXFileReference; lastKnownFileType = text.plist.xml; path = Info.plist; sourceTree = "<group>"; };
		F321DF3A1F0B5675008CEDFA /* AddOrUpdateTest.m */ = {isa = PBXFileReference; fileEncoding = 4; lastKnownFileType = sourcecode.c.objc; path = AddOrUpdateTest.m; sourceTree = "<group>"; };
		F3D114071F06152400FF82B8 /* CrystDB.framework */ = {isa = PBXFileReference; explicitFileType = wrapper.framework; includeInIndex = 0; path = CrystDB.framework; sourceTree = BUILT_PRODUCTS_DIR; };
		F3D114131F06154E00FF82B8 /* CrystDB.h */ = {isa = PBXFileReference; fileEncoding = 4; lastKnownFileType = sourcecode.c.h; path = CrystDB.h; sourceTree = "<group>"; };
		F3D114141F06154E00FF82B8 /* CrystLite.h */ = {isa = PBXFileReference; fileEncoding = 4; lastKnownFileType = sourcecode.c.h; path = CrystLite.h; sourceTree = "<group>"; };
		F3D114151F06154E00FF82B8 /* CrystLite.m */ = {isa = PBXFileReference; fileEncoding = 4; lastKnownFileType = sourcecode.c.objc; path = CrystLite.m; sourceTree = "<group>"; };
		F3D114161F06154E00FF82B8 /* NSObject+Cryst.h */ = {isa = PBXFileReference; fileEncoding = 4; lastKnownFileType = sourcecode.c.h; path = "NSObject+Cryst.h"; sourceTree = "<group>"; };
		F3D114171F06154E00FF82B8 /* NSObject+Cryst.m */ = {isa = PBXFileReference; fileEncoding = 4; lastKnownFileType = sourcecode.c.objc; path = "NSObject+Cryst.m"; sourceTree = "<group>"; };
		F3D1141E1F06159100FF82B8 /* Info.plist */ = {isa = PBXFileReference; fileEncoding = 4; lastKnownFileType = text.plist.xml; path = Info.plist; sourceTree = "<group>"; };
		F3D114221F0615E900FF82B8 /* libsqlite3.0.tbd */ = {isa = PBXFileReference; lastKnownFileType = "sourcecode.text-based-dylib-definition"; name = libsqlite3.0.tbd; path = usr/lib/libsqlite3.0.tbd; sourceTree = SDKROOT; };
/* End PBXFileReference section */

/* Begin PBXFrameworksBuildPhase section */
		F321DF2C1F0B55FD008CEDFA /* Frameworks */ = {
			isa = PBXFrameworksBuildPhase;
			buildActionMask = 2147483647;
			files = (
				F321DF341F0B55FD008CEDFA /* CrystDB.framework in Frameworks */,
			);
			runOnlyForDeploymentPostprocessing = 0;
		};
		F3D114031F06152400FF82B8 /* Frameworks */ = {
			isa = PBXFrameworksBuildPhase;
			buildActionMask = 2147483647;
			files = (
				F3D114231F0615E900FF82B8 /* libsqlite3.0.tbd in Frameworks */,
			);
			runOnlyForDeploymentPostprocessing = 0;
		};
/* End PBXFrameworksBuildPhase section */

/* Begin PBXGroup section */
		F321DF301F0B55FD008CEDFA /* CrystDBTests */ = {
			isa = PBXGroup;
			children = (
				F321DF3A1F0B5675008CEDFA /* AddOrUpdateTest.m */,
				F321DF311F0B55FD008CEDFA /* CrystDBTests.m */,
				F321DF331F0B55FD008CEDFA /* Info.plist */,
			);
			path = CrystDBTests;
			sourceTree = "<group>";
		};
		F3D113FD1F06152400FF82B8 = {
			isa = PBXGroup;
			children = (
				F3D114121F06154E00FF82B8 /* CrystDB */,
				F3D1141D1F06157700FF82B8 /* Supporting Files */,
				F321DF301F0B55FD008CEDFA /* CrystDBTests */,
				F3D114081F06152400FF82B8 /* Products */,
				F3D114211F0615E800FF82B8 /* Frameworks */,
			);
			sourceTree = "<group>";
		};
		F3D114081F06152400FF82B8 /* Products */ = {
			isa = PBXGroup;
			children = (
				F3D114071F06152400FF82B8 /* CrystDB.framework */,
				F321DF2F1F0B55FD008CEDFA /* CrystDBTests.xctest */,
			);
			name = Products;
			sourceTree = "<group>";
		};
		F3D114121F06154E00FF82B8 /* CrystDB */ = {
			isa = PBXGroup;
			children = (
				F3D114131F06154E00FF82B8 /* CrystDB.h */,
				F3D114141F06154E00FF82B8 /* CrystLite.h */,
				F3D114151F06154E00FF82B8 /* CrystLite.m */,
				F3D114161F06154E00FF82B8 /* NSObject+Cryst.h */,
				F3D114171F06154E00FF82B8 /* NSObject+Cryst.m */,
			);
			name = CrystDB;
			path = ../CrystDB;
			sourceTree = "<group>";
		};
		F3D1141D1F06157700FF82B8 /* Supporting Files */ = {
			isa = PBXGroup;
			children = (
				F3D1141E1F06159100FF82B8 /* Info.plist */,
			);
			name = "Supporting Files";
			sourceTree = "<group>";
		};
		F3D114211F0615E800FF82B8 /* Frameworks */ = {
			isa = PBXGroup;
			children = (
				F3D114221F0615E900FF82B8 /* libsqlite3.0.tbd */,
			);
			name = Frameworks;
			sourceTree = "<group>";
		};
/* End PBXGroup section */

/* Begin PBXHeadersBuildPhase section */
		F3D114041F06152400FF82B8 /* Headers */ = {
			isa = PBXHeadersBuildPhase;
			buildActionMask = 2147483647;
			files = (
				F3D114191F06154E00FF82B8 /* CrystLite.h in Headers */,
				F3D114181F06154E00FF82B8 /* CrystDB.h in Headers */,
				F3D1141B1F06154E00FF82B8 /* NSObject+Cryst.h in Headers */,
			);
			runOnlyForDeploymentPostprocessing = 0;
		};
/* End PBXHeadersBuildPhase section */

/* Begin PBXNativeTarget section */
		F321DF2E1F0B55FD008CEDFA /* CrystDBTests */ = {
			isa = PBXNativeTarget;
			buildConfigurationList = F321DF371F0B55FD008CEDFA /* Build configuration list for PBXNativeTarget "CrystDBTests" */;
			buildPhases = (
				F321DF2B1F0B55FD008CEDFA /* Sources */,
				F321DF2C1F0B55FD008CEDFA /* Frameworks */,
				F321DF2D1F0B55FD008CEDFA /* Resources */,
			);
			buildRules = (
			);
			dependencies = (
				F321DF361F0B55FD008CEDFA /* PBXTargetDependency */,
			);
			name = CrystDBTests;
			productName = CrystDBTests;
			productReference = F321DF2F1F0B55FD008CEDFA /* CrystDBTests.xctest */;
			productType = "com.apple.product-type.bundle.unit-test";
		};
		F3D114061F06152400FF82B8 /* CrystDB */ = {
			isa = PBXNativeTarget;
			buildConfigurationList = F3D1140F1F06152400FF82B8 /* Build configuration list for PBXNativeTarget "CrystDB" */;
			buildPhases = (
				F3D114021F06152400FF82B8 /* Sources */,
				F3D114031F06152400FF82B8 /* Frameworks */,
				F3D114041F06152400FF82B8 /* Headers */,
				F3D114051F06152400FF82B8 /* Resources */,
			);
			buildRules = (
			);
			dependencies = (
			);
			name = CrystDB;
			productName = CrystDB;
			productReference = F3D114071F06152400FF82B8 /* CrystDB.framework */;
			productType = "com.apple.product-type.framework";
		};
/* End PBXNativeTarget section */

/* Begin PBXProject section */
		F3D113FE1F06152400FF82B8 /* Project object */ = {
			isa = PBXProject;
			attributes = {
				LastUpgradeCheck = 0830;
				ORGANIZATIONNAME = chasel;
				TargetAttributes = {
					F321DF2E1F0B55FD008CEDFA = {
						CreatedOnToolsVersion = 8.3.2;
						DevelopmentTeam = 626KGQ43W3;
						ProvisioningStyle = Automatic;
					};
					F3D114061F06152400FF82B8 = {
						CreatedOnToolsVersion = 8.3.2;
						DevelopmentTeam = 626KGQ43W3;
						ProvisioningStyle = Automatic;
					};
				};
			};
			buildConfigurationList = F3D114011F06152400FF82B8 /* Build configuration list for PBXProject "CrystDB" */;
			compatibilityVersion = "Xcode 3.2";
			developmentRegion = English;
			hasScannedForEncodings = 0;
			knownRegions = (
				en,
			);
			mainGroup = F3D113FD1F06152400FF82B8;
			productRefGroup = F3D114081F06152400FF82B8 /* Products */;
			projectDirPath = "";
			projectRoot = "";
			targets = (
				F3D114061F06152400FF82B8 /* CrystDB */,
				F321DF2E1F0B55FD008CEDFA /* CrystDBTests */,
			);
		};
/* End PBXProject section */

/* Begin PBXResourcesBuildPhase section */
		F321DF2D1F0B55FD008CEDFA /* Resources */ = {
			isa = PBXResourcesBuildPhase;
			buildActionMask = 2147483647;
			files = (
			);
			runOnlyForDeploymentPostprocessing = 0;
		};
		F3D114051F06152400FF82B8 /* Resources */ = {
			isa = PBXResourcesBuildPhase;
			buildActionMask = 2147483647;
			files = (
			);
			runOnlyForDeploymentPostprocessing = 0;
		};
/* End PBXResourcesBuildPhase section */

/* Begin PBXSourcesBuildPhase section */
		F321DF2B1F0B55FD008CEDFA /* Sources */ = {
			isa = PBXSourcesBuildPhase;
			buildActionMask = 2147483647;
			files = (
				F321DF321F0B55FD008CEDFA /* CrystDBTests.m in Sources */,
				F321DF3B1F0B5675008CEDFA /* AddOrUpdateTest.m in Sources */,
			);
			runOnlyForDeploymentPostprocessing = 0;
		};
		F3D114021F06152400FF82B8 /* Sources */ = {
			isa = PBXSourcesBuildPhase;
			buildActionMask = 2147483647;
			files = (
				F3D1141A1F06154E00FF82B8 /* CrystLite.m in Sources */,
				F3D1141C1F06154E00FF82B8 /* NSObject+Cryst.m in Sources */,
			);
			runOnlyForDeploymentPostprocessing = 0;
		};
/* End PBXSourcesBuildPhase section */

/* Begin PBXTargetDependency section */
		F321DF361F0B55FD008CEDFA /* PBXTargetDependency */ = {
			isa = PBXTargetDependency;
			target = F3D114061F06152400FF82B8 /* CrystDB */;
			targetProxy = F321DF351F0B55FD008CEDFA /* PBXContainerItemProxy */;
		};
/* End PBXTargetDependency section */

/* Begin XCBuildConfiguration section */
		F321DF381F0B55FD008CEDFA /* Debug */ = {
			isa = XCBuildConfiguration;
			buildSettings = {
				DEVELOPMENT_TEAM = 626KGQ43W3;
				INFOPLIST_FILE = CrystDBTests/Info.plist;
				LD_RUNPATH_SEARCH_PATHS = "$(inherited) @executable_path/Frameworks @loader_path/Frameworks";
				PRODUCT_BUNDLE_IDENTIFIER = cn.chasel.CrystDBTests;
				PRODUCT_NAME = "$(TARGET_NAME)";
			};
			name = Debug;
		};
		F321DF391F0B55FD008CEDFA /* Release */ = {
			isa = XCBuildConfiguration;
			buildSettings = {
				DEVELOPMENT_TEAM = 626KGQ43W3;
				INFOPLIST_FILE = CrystDBTests/Info.plist;
				LD_RUNPATH_SEARCH_PATHS = "$(inherited) @executable_path/Frameworks @loader_path/Frameworks";
				PRODUCT_BUNDLE_IDENTIFIER = cn.chasel.CrystDBTests;
				PRODUCT_NAME = "$(TARGET_NAME)";
			};
			name = Release;
		};
		F3D1140D1F06152400FF82B8 /* Debug */ = {
			isa = XCBuildConfiguration;
			buildSettings = {
				ALWAYS_SEARCH_USER_PATHS = NO;
				CLANG_ANALYZER_NONNULL = YES;
				CLANG_ANALYZER_NUMBER_OBJECT_CONVERSION = YES_AGGRESSIVE;
				CLANG_CXX_LANGUAGE_STANDARD = "gnu++0x";
				CLANG_CXX_LIBRARY = "libc++";
				CLANG_ENABLE_MODULES = YES;
				CLANG_ENABLE_OBJC_ARC = YES;
				CLANG_WARN_BOOL_CONVERSION = YES;
				CLANG_WARN_CONSTANT_CONVERSION = YES;
				CLANG_WARN_DIRECT_OBJC_ISA_USAGE = YES_ERROR;
				CLANG_WARN_DOCUMENTATION_COMMENTS = YES;
				CLANG_WARN_EMPTY_BODY = YES;
				CLANG_WARN_ENUM_CONVERSION = YES;
				CLANG_WARN_INFINITE_RECURSION = YES;
				CLANG_WARN_INT_CONVERSION = YES;
				CLANG_WARN_OBJC_ROOT_CLASS = YES_ERROR;
				CLANG_WARN_SUSPICIOUS_MOVE = YES;
				CLANG_WARN_UNREACHABLE_CODE = YES;
				CLANG_WARN__DUPLICATE_METHOD_MATCH = YES;
				"CODE_SIGN_IDENTITY[sdk=iphoneos*]" = "iPhone Developer";
				COPY_PHASE_STRIP = NO;
				CURRENT_PROJECT_VERSION = 1;
				DEBUG_INFORMATION_FORMAT = dwarf;
				ENABLE_STRICT_OBJC_MSGSEND = YES;
				ENABLE_TESTABILITY = YES;
				GCC_C_LANGUAGE_STANDARD = gnu99;
				GCC_DYNAMIC_NO_PIC = NO;
				GCC_NO_COMMON_BLOCKS = YES;
				GCC_OPTIMIZATION_LEVEL = 0;
				GCC_PREPROCESSOR_DEFINITIONS = (
					"DEBUG=1",
					"$(inherited)",
				);
				GCC_WARN_64_TO_32_BIT_CONVERSION = YES;
				GCC_WARN_ABOUT_RETURN_TYPE = YES_ERROR;
				GCC_WARN_UNDECLARED_SELECTOR = YES;
				GCC_WARN_UNINITIALIZED_AUTOS = YES_AGGRESSIVE;
				GCC_WARN_UNUSED_FUNCTION = YES;
				GCC_WARN_UNUSED_VARIABLE = YES;
				IPHONEOS_DEPLOYMENT_TARGET = 10.3;
				MTL_ENABLE_DEBUG_INFO = YES;
				ONLY_ACTIVE_ARCH = YES;
				SDKROOT = iphoneos;
				TARGETED_DEVICE_FAMILY = "1,2";
				VERSIONING_SYSTEM = "apple-generic";
				VERSION_INFO_PREFIX = "";
			};
			name = Debug;
		};
		F3D1140E1F06152400FF82B8 /* Release */ = {
			isa = XCBuildConfiguration;
			buildSettings = {
				ALWAYS_SEARCH_USER_PATHS = NO;
				CLANG_ANALYZER_NONNULL = YES;
				CLANG_ANALYZER_NUMBER_OBJECT_CONVERSION = YES_AGGRESSIVE;
				CLANG_CXX_LANGUAGE_STANDARD = "gnu++0x";
				CLANG_CXX_LIBRARY = "libc++";
				CLANG_ENABLE_MODULES = YES;
				CLANG_ENABLE_OBJC_ARC = YES;
				CLANG_WARN_BOOL_CONVERSION = YES;
				CLANG_WARN_CONSTANT_CONVERSION = YES;
				CLANG_WARN_DIRECT_OBJC_ISA_USAGE = YES_ERROR;
				CLANG_WARN_DOCUMENTATION_COMMENTS = YES;
				CLANG_WARN_EMPTY_BODY = YES;
				CLANG_WARN_ENUM_CONVERSION = YES;
				CLANG_WARN_INFINITE_RECURSION = YES;
				CLANG_WARN_INT_CONVERSION = YES;
				CLANG_WARN_OBJC_ROOT_CLASS = YES_ERROR;
				CLANG_WARN_SUSPICIOUS_MOVE = YES;
				CLANG_WARN_UNREACHABLE_CODE = YES;
				CLANG_WARN__DUPLICATE_METHOD_MATCH = YES;
				"CODE_SIGN_IDENTITY[sdk=iphoneos*]" = "iPhone Developer";
				COPY_PHASE_STRIP = NO;
				CURRENT_PROJECT_VERSION = 1;
				DEBUG_INFORMATION_FORMAT = "dwarf-with-dsym";
				ENABLE_NS_ASSERTIONS = NO;
				ENABLE_STRICT_OBJC_MSGSEND = YES;
				GCC_C_LANGUAGE_STANDARD = gnu99;
				GCC_NO_COMMON_BLOCKS = YES;
				GCC_WARN_64_TO_32_BIT_CONVERSION = YES;
				GCC_WARN_ABOUT_RETURN_TYPE = YES_ERROR;
				GCC_WARN_UNDECLARED_SELECTOR = YES;
				GCC_WARN_UNINITIALIZED_AUTOS = YES_AGGRESSIVE;
				GCC_WARN_UNUSED_FUNCTION = YES;
				GCC_WARN_UNUSED_VARIABLE = YES;
				IPHONEOS_DEPLOYMENT_TARGET = 10.3;
				MTL_ENABLE_DEBUG_INFO = NO;
				SDKROOT = iphoneos;
				TARGETED_DEVICE_FAMILY = "1,2";
				VALIDATE_PRODUCT = YES;
				VERSIONING_SYSTEM = "apple-generic";
				VERSION_INFO_PREFIX = "";
			};
			name = Release;
		};
		F3D114101F06152400FF82B8 /* Debug */ = {
			isa = XCBuildConfiguration;
			buildSettings = {
				CODE_SIGN_IDENTITY = "";
				DEFINES_MODULE = YES;
				DEVELOPMENT_TEAM = 626KGQ43W3;
				DYLIB_COMPATIBILITY_VERSION = 1;
				DYLIB_CURRENT_VERSION = 1;
				DYLIB_INSTALL_NAME_BASE = "@rpath";
				INFOPLIST_FILE = "$(SRCROOT)/Info.plist";
				INSTALL_PATH = "$(LOCAL_LIBRARY_DIR)/Frameworks";
				LD_RUNPATH_SEARCH_PATHS = "$(inherited) @executable_path/Frameworks @loader_path/Frameworks";
				PRODUCT_BUNDLE_IDENTIFIER = cn.chasel.CrystDB;
				PRODUCT_NAME = "$(TARGET_NAME)";
				SKIP_INSTALL = YES;
			};
			name = Debug;
		};
		F3D114111F06152400FF82B8 /* Release */ = {
			isa = XCBuildConfiguration;
			buildSettings = {
				CODE_SIGN_IDENTITY = "";
				DEFINES_MODULE = YES;
				DEVELOPMENT_TEAM = 626KGQ43W3;
				DYLIB_COMPATIBILITY_VERSION = 1;
				DYLIB_CURRENT_VERSION = 1;
				DYLIB_INSTALL_NAME_BASE = "@rpath";
				INFOPLIST_FILE = "$(SRCROOT)/Info.plist";
				INSTALL_PATH = "$(LOCAL_LIBRARY_DIR)/Frameworks";
				LD_RUNPATH_SEARCH_PATHS = "$(inherited) @executable_path/Frameworks @loader_path/Frameworks";
				PRODUCT_BUNDLE_IDENTIFIER = cn.chasel.CrystDB;
				PRODUCT_NAME = "$(TARGET_NAME)";
				SKIP_INSTALL = YES;
			};
			name = Release;
		};
/* End XCBuildConfiguration section */

/* Begin XCConfigurationList section */
		F321DF371F0B55FD008CEDFA /* Build configuration list for PBXNativeTarget "CrystDBTests" */ = {
			isa = XCConfigurationList;
			buildConfigurations = (
				F321DF381F0B55FD008CEDFA /* Debug */,
				F321DF391F0B55FD008CEDFA /* Release */,
			);
			defaultConfigurationIsVisible = 0;
		};
		F3D114011F06152400FF82B8 /* Build configuration list for PBXProject "CrystDB" */ = {
			isa = XCConfigurationList;
			buildConfigurations = (
				F3D1140D1F06152400FF82B8 /* Debug */,
				F3D1140E1F06152400FF82B8 /* Release */,
			);
			defaultConfigurationIsVisible = 0;
			defaultConfigurationName = Release;
		};
		F3D1140F1F06152400FF82B8 /* Build configuration list for PBXNativeTarget "CrystDB" */ = {
			isa = XCConfigurationList;
			buildConfigurations = (
				F3D114101F06152400FF82B8 /* Debug */,
				F3D114111F06152400FF82B8 /* Release */,
			);
			defaultConfigurationIsVisible = 0;
			defaultConfigurationName = Release;
		};
/* End XCConfigurationList section */
	};
	rootObject = F3D113FE1F06152400FF82B8 /* Project object */;
}
